
Microsoft Visual Studio Solution File, Format Version 12.00
# Visual Studio Version 16
VisualStudioVersion = 16.0.29613.14
MinimumVisualStudioVersion = 10.0.40219.1
Project("{9A19103F-16F7-4668-BE54-9A1E7A4F7556}") = "Common", "Common\Common.csproj", "{69902878-8E44-4A5C-9B61-ABE4CEC897A9}"
EndProject
Project("{9A19103F-16F7-4668-BE54-9A1E7A4F7556}") = "ConsoleApp", "ConsoleApp\ConsoleApp.csproj", "{10447057-3275-485A-9E12-E6903483C279}"
EndProject
Project("{2150E333-8FDC-42A3-9474-1A3956D46DE8}") = "Fichas", "Fichas", "{93518B98-6D72-49B5-9BD4-8F73A25B1550}"
EndProject
Project("{9A19103F-16F7-4668-BE54-9A1E7A4F7556}") = "Worksheet10", "Worksheet10\Worksheet10.csproj", "{2C693394-054F-4F45-A8E7-4CEDDB81CFB4}"
EndProject
Project("{9A19103F-16F7-4668-BE54-9A1E7A4F7556}") = "Worksheet11", "Worksheet11\Worksheet11.csproj", "{BF599EB8-63EF-4DC1-BEFB-40FCE91F7760}"
EndProject
Project("{9A19103F-16F7-4668-BE54-9A1E7A4F7556}") = "Worksheet12", "Worksheet12\Worksheet12.csproj", "{14734591-CD0D-4F8B-AFC7-4923CD14C5C4}"
EndProject
Project("{9A19103F-16F7-4668-BE54-9A1E7A4F7556}") = "Worksheet14", "Worksheet14\Worksheet14.csproj", "{6229690D-DAB6-4CCF-A0FB-3DB11776D699}"
EndProject
Global
	GlobalSection(SolutionConfigurationPlatforms) = preSolution
		Debug|Any CPU = Debug|Any CPU
		Release|Any CPU = Release|Any CPU
	EndGlobalSection
	GlobalSection(ProjectConfigurationPlatforms) = postSolution
		{69902878-8E44-4A5C-9B61-ABE4CEC897A9}.Debug|Any CPU.ActiveCfg = Debug|Any CPU
		{69902878-8E44-4A5C-9B61-ABE4CEC897A9}.Debug|Any CPU.Build.0 = Debug|Any CPU
		{69902878-8E44-4A5C-9B61-ABE4CEC897A9}.Release|Any CPU.ActiveCfg = Release|Any CPU
		{69902878-8E44-4A5C-9B61-ABE4CEC897A9}.Release|Any CPU.Build.0 = Release|Any CPU
		{10447057-3275-485A-9E12-E6903483C279}.Debug|Any CPU.ActiveCfg = Debug|Any CPU
		{10447057-3275-485A-9E12-E6903483C279}.Debug|Any CPU.Build.0 = Debug|Any CPU
		{10447057-3275-485A-9E12-E6903483C279}.Release|Any CPU.ActiveCfg = Release|Any CPU
		{10447057-3275-485A-9E12-E6903483C279}.Release|Any CPU.Build.0 = Release|Any CPU
		{2C693394-054F-4F45-A8E7-4CEDDB81CFB4}.Debug|Any CPU.ActiveCfg = Debug|Any CPU
		{2C693394-054F-4F45-A8E7-4CEDDB81CFB4}.Debug|Any CPU.Build.0 = Debug|Any CPU
		{2C693394-054F-4F45-A8E7-4CEDDB81CFB4}.Release|Any CPU.ActiveCfg = Release|Any CPU
		{2C693394-054F-4F45-A8E7-4CEDDB81CFB4}.Release|Any CPU.Build.0 = Release|Any CPU
		{BF599EB8-63EF-4DC1-BEFB-40FCE91F7760}.Debug|Any CPU.ActiveCfg = Debug|Any CPU
		{BF599EB8-63EF-4DC1-BEFB-40FCE91F7760}.Debug|Any CPU.Build.0 = Debug|Any CPU
		{BF599EB8-63EF-4DC1-BEFB-40FCE91F7760}.Release|Any CPU.ActiveCfg = Release|Any CPU
		{BF599EB8-63EF-4DC1-BEFB-40FCE91F7760}.Release|Any CPU.Build.0 = Release|Any CPU
		{14734591-CD0D-4F8B-AFC7-4923CD14C5C4}.Debug|Any CPU.ActiveCfg = Debug|Any CPU
		{14734591-CD0D-4F8B-AFC7-4923CD14C5C4}.Debug|Any CPU.Build.0 = Debug|Any CPU
		{14734591-CD0D-4F8B-AFC7-4923CD14C5C4}.Release|Any CPU.ActiveCfg = Release|Any CPU
		{14734591-CD0D-4F8B-AFC7-4923CD14C5C4}.Release|Any CPU.Build.0 = Release|Any CPU
		{6229690D-DAB6-4CCF-A0FB-3DB11776D699}.Debug|Any CPU.ActiveCfg = Debug|Any CPU
		{6229690D-DAB6-4CCF-A0FB-3DB11776D699}.Debug|Any CPU.Build.0 = Debug|Any CPU
		{6229690D-DAB6-4CCF-A0FB-3DB11776D699}.Release|Any CPU.ActiveCfg = Release|Any CPU
		{6229690D-DAB6-4CCF-A0FB-3DB11776D699}.Release|Any CPU.Build.0 = Release|Any CPU
	EndGlobalSection
	GlobalSection(SolutionProperties) = preSolution
		HideSolutionNode = FALSE
	EndGlobalSection
	GlobalSection(NestedProjects) = preSolution
		{2C693394-054F-4F45-A8E7-4CEDDB81CFB4} = {93518B98-6D72-49B5-9BD4-8F73A25B1550}
		{BF599EB8-63EF-4DC1-BEFB-40FCE91F7760} = {93518B98-6D72-49B5-9BD4-8F73A25B1550}
		{14734591-CD0D-4F8B-AFC7-4923CD14C5C4} = {93518B98-6D72-49B5-9BD4-8F73A25B1550}
		{6229690D-DAB6-4CCF-A0FB-3DB11776D699} = {93518B98-6D72-49B5-9BD4-8F73A25B1550}
	EndGlobalSection
	GlobalSection(ExtensibilityGlobals) = postSolution
		SolutionGuid = {FBE7963B-45AA-49B8-A993-58C5308369B6}
	EndGlobalSection
EndGlobal
